
Microsoft Visual Studio Solution File, Format Version 12.00
# Visual Studio Version 16
VisualStudioVersion = 16.0.32802.440
MinimumVisualStudioVersion = 10.0.40219.1
Project("{FAE04EC0-301F-11D3-BF4B-00C04F79EFBC}") = "Aula_2408_MeuPrimeiroProjeto", "Aula_2408_MeuPrimeiroProjeto\Aula_2408_MeuPrimeiroProjeto.csproj", "{10FE05B9-DFCE-414C-BDB8-2A25DBA1C9DA}"
EndProject
Global
	GlobalSection(SolutionConfigurationPlatforms) = preSolution
		Debug|Any CPU = Debug|Any CPU
		Release|Any CPU = Release|Any CPU
	EndGlobalSection
	GlobalSection(ProjectConfigurationPlatforms) = postSolution
		{10FE05B9-DFCE-414C-BDB8-2A25DBA1C9DA}.Debug|Any CPU.ActiveCfg = Debug|Any CPU
		{10FE05B9-DFCE-414C-BDB8-2A25DBA1C9DA}.Debug|Any CPU.Build.0 = Debug|Any CPU
		{10FE05B9-DFCE-414C-BDB8-2A25DBA1C9DA}.Release|Any CPU.ActiveCfg = Release|Any CPU
		{10FE05B9-DFCE-414C-BDB8-2A25DBA1C9DA}.Release|Any CPU.Build.0 = Release|Any CPU
	EndGlobalSection
	GlobalSection(SolutionProperties) = preSolution
		HideSolutionNode = FALSE
	EndGlobalSection
	GlobalSection(ExtensibilityGlobals) = postSolution
		SolutionGuid = {C6E20FF1-9428-4F8D-B3C2-075D669FA80D}
	EndGlobalSection
EndGlobal
